{
  "name": "veyron-js-api",
  "version": "0.0.1",
  "dependencies": {
    "ws": {
      "version": "0.4.31",
      "from": "ws@~0.4.31",
      "dependencies": {
        "commander": {
          "version": "0.6.1",
          "from": "commander@~0.6.1"
        },
        "nan": {
          "version": "0.3.2",
          "from": "nan@~0.3.0"
        },
        "tinycolor": {
          "version": "0.0.1",
          "from": "tinycolor@0.x"
        },
        "options": {
          "version": "0.0.5",
          "from": "options@>=0.0.5"
        }
      }
    },
    "karma-chrome-launcher": {
      "version": "0.1.3",
      "from": "karma-chrome-launcher@~0.1.0",
      "resolved": "https://registry.npmjs.org/karma-chrome-launcher/-/karma-chrome-launcher-0.1.3.tgz"
    },
    "karma-firefox-launcher": {
      "version": "0.1.3",
      "from": "karma-firefox-launcher@~0.1.0"
    },
    "karma-html2js-preprocessor": {
      "version": "0.1.0",
      "from": "karma-html2js-preprocessor@~0.1.0"
    },
    "karma-jasmine": {
      "version": "0.1.5",
      "from": "karma-jasmine@~0.1.0"
    },
    "karma-requirejs": {
      "version": "0.2.1",
      "from": "karma-requirejs@~0.2.0"
    },
    "karma-script-launcher": {
      "version": "0.1.0",
      "from": "karma-script-launcher@~0.1.0"
    },
    "requirejs": {
      "version": "2.1.11",
      "from": "requirejs@~2.1"
    },
    "karma-coffee-preprocessor": {
      "version": "0.1.3",
      "from": "karma-coffee-preprocessor@~0.1.0",
      "dependencies": {
        "coffee-script": {
          "version": "1.7.1",
          "from": "coffee-script@~1.7",
          "dependencies": {
            "mkdirp": {
              "version": "0.3.5",
              "from": "mkdirp@~0.3.5",
              "resolved": "https://registry.npmjs.org/mkdirp/-/mkdirp-0.3.5.tgz"
            }
          }
        }
      }
    },
    "karma-phantomjs-launcher": {
      "version": "0.1.4",
      "from": "karma-phantomjs-launcher@~0.1.0",
      "resolved": "https://registry.npmjs.org/karma-phantomjs-launcher/-/karma-phantomjs-launcher-0.1.4.tgz",
      "dependencies": {
        "phantomjs": {
          "version": "1.9.7-3",
          "from": "phantomjs@~1.9",
          "resolved": "https://registry.npmjs.org/phantomjs/-/phantomjs-1.9.7-3.tgz",
          "dependencies": {
            "adm-zip": {
              "version": "0.2.1",
              "from": "adm-zip@0.2.1"
            },
            "kew": {
              "version": "0.1.7",
              "from": "kew@~0.1.7"
            },
            "ncp": {
              "version": "0.4.2",
              "from": "ncp@0.4.2"
            },
            "npmconf": {
              "version": "0.0.24",
              "from": "npmconf@0.0.24",
              "dependencies": {
                "config-chain": {
                  "version": "1.1.8",
                  "from": "config-chain@~1.1.1",
                  "dependencies": {
                    "proto-list": {
                      "version": "1.2.2",
                      "from": "proto-list@~1.2.1"
                    }
                  }
                },
                "inherits": {
                  "version": "1.0.0",
                  "from": "inherits@~1.0.0"
                },
                "once": {
                  "version": "1.1.1",
                  "from": "once@~1.1.1"
                },
                "osenv": {
                  "version": "0.0.3",
                  "from": "osenv@0.0.3"
                },
                "nopt": {
                  "version": "2.2.0",
                  "from": "nopt@2",
                  "dependencies": {
                    "abbrev": {
                      "version": "1.0.4",
                      "from": "abbrev@1"
                    }
                  }
                },
                "semver": {
                  "version": "1.1.4",
                  "from": "semver@~1.1.0"
                },
                "ini": {
                  "version": "1.1.0",
                  "from": "ini@~1.1.0"
                }
              }
            },
            "mkdirp": {
              "version": "0.3.5",
              "from": "mkdirp@0.3.5",
              "resolved": "https://registry.npmjs.org/mkdirp/-/mkdirp-0.3.5.tgz"
            },
            "rimraf": {
              "version": "2.2.6",
              "from": "rimraf@~2.2.2"
            },
            "which": {
              "version": "1.0.5",
              "from": "which@~1.0.5"
            }
          }
        }
      }
    }
  }
}
